{
  "object": {
    "pins": [
      {
        "package": "Carbon",
        "repositoryURL": "https://github.com/ra1028/Carbon",
        "state": {
          "branch": "master",
          "revision": "9e572593e02ce77e54932d46d130054a13e2a056",
          "version": null
        }
      },
      {
        "package": "DifferenceKit",
        "repositoryURL": "https://github.com/ra1028/DifferenceKit.git",
        "state": {
          "branch": null,
          "revision": "14c66681e12a38b81045f44c6c29724a0d4b0e72",
          "version": "1.1.5"
        }
      },
      {
        "package": "MultiplexerController",
        "repositoryURL": "https://github.com/OmerFlame/MultiplexerController",
        "state": {
          "branch": "master",
          "revision": "76dfb50e6a66f92f7cb873d8500a1fccf92fe0d9",
          "version": null
        }
      },
      {
        "package": "TagListView",
        "repositoryURL": "https://github.com/ElaWorkshop/TagListView",
        "state": {
          "branch": null,
          "revision": "b30b61826736f4d9ec04aef5df891f3914423f16",
          "version": "1.4.1"
        }
      },
      {
        "package": "TinyConstraints",
        "repositoryURL": "https://github.com/roberthein/TinyConstraints",
        "state": {
          "branch": null,
          "revision": "f413ea53b886de81b925eeb37a14538fe6ae4912",
          "version": "4.0.1"
        }
      }
    ]
  },
  "version": 1
}
