// !$*UTF8*$!
{
	archiveVersion = 1;
	classes = {
	};
	objectVersion = 52;
	objects = {

/* Begin PBXBuildFile section */
		590317302524B9CF00CA9E99 /* ParallaxScrollViewPort.swift in Sources */ = {isa = PBXBuildFile; fileRef = 5903172F2524B9CF00CA9E99 /* ParallaxScrollViewPort.swift */; };
		590CB1852549622C00972528 /* SecondaryInfiniteScroll.swift in Sources */ = {isa = PBXBuildFile; fileRef = 590CB1842549622C00972528 /* SecondaryInfiniteScroll.swift */; };
		590CB1892549649800972528 /* TinyConstraints in Frameworks */ = {isa = PBXBuildFile; productRef = 590CB1882549649800972528 /* TinyConstraints */; };
		591F5A34255BDC86005D3F20 /* RectGetter.swift in Sources */ = {isa = PBXBuildFile; fileRef = 591F5A33255BDC86005D3F20 /* RectGetter.swift */; };
		591F5A40255C073B005D3F20 /* tektronixTest.mp4 in Resources */ = {isa = PBXBuildFile; fileRef = 591F5A3F255C073B005D3F20 /* tektronixTest.mp4 */; };
		591F5A44255C0A3E005D3F20 /* imageTest.jpg in Resources */ = {isa = PBXBuildFile; fileRef = 591F5A43255C0A3E005D3F20 /* imageTest.jpg */; };
		591F5A52255C0C3A005D3F20 /* pngTest.png in Resources */ = {isa = PBXBuildFile; fileRef = 591F5A51255C0C3A005D3F20 /* pngTest.png */; };
		5948D91E250E6D4200373317 /* devRantAvatarEditorApp.swift in Sources */ = {isa = PBXBuildFile; fileRef = 5948D91D250E6D4200373317 /* devRantAvatarEditorApp.swift */; };
		5948D920250E6D4200373317 /* ContentView.swift in Sources */ = {isa = PBXBuildFile; fileRef = 5948D91F250E6D4200373317 /* ContentView.swift */; };
		5948D922250E6D4700373317 /* Assets.xcassets in Resources */ = {isa = PBXBuildFile; fileRef = 5948D921250E6D4700373317 /* Assets.xcassets */; };
		5948D925250E6D4700373317 /* Preview Assets.xcassets in Resources */ = {isa = PBXBuildFile; fileRef = 5948D924250E6D4700373317 /* Preview Assets.xcassets */; };
		5948D92D250E6DE900373317 /* LoginScreen.swift in Sources */ = {isa = PBXBuildFile; fileRef = 5948D92C250E6DE900373317 /* LoginScreen.swift */; };
		5948D92F250E6EA000373317 /* UndismissableSheet.swift in Sources */ = {isa = PBXBuildFile; fileRef = 5948D92E250E6EA000373317 /* UndismissableSheet.swift */; };
		594CA450255A8F7D00E7D009 /* TagListView in Frameworks */ = {isa = PBXBuildFile; productRef = 594CA44F255A8F7D00E7D009 /* TagListView */; };
		594CA45A255AB88800E7D009 /* SlideOverCard.swift in Sources */ = {isa = PBXBuildFile; fileRef = 594CA459255AB88800E7D009 /* SlideOverCard.swift */; };
		595604F62536FB4E00928C01 /* ThumbnailImageView.swift in Sources */ = {isa = PBXBuildFile; fileRef = 595604F52536FB4E00928C01 /* ThumbnailImageView.swift */; };
		59627A4A250F925A00233F48 /* CommentModel.swift in Sources */ = {isa = PBXBuildFile; fileRef = 59627A49250F925A00233F48 /* CommentModel.swift */; };
		59627A4C250F9B3B00233F48 /* Comment.swift in Sources */ = {isa = PBXBuildFile; fileRef = 59627A4B250F9B3B00233F48 /* Comment.swift */; };
		59627A4E250FA4C100233F48 /* RantView.swift in Sources */ = {isa = PBXBuildFile; fileRef = 59627A4D250FA4C100233F48 /* RantView.swift */; };
		596ED26125629B1500F0EBB5 /* PreviewTester.swift in Sources */ = {isa = PBXBuildFile; fileRef = 596ED26025629B1500F0EBB5 /* PreviewTester.swift */; };
		597EC1BA25100BE800EB42C6 /* GeometryContainer.swift in Sources */ = {isa = PBXBuildFile; fileRef = 597EC1B925100BE800EB42C6 /* GeometryContainer.swift */; };
		5983DC17254572D70026B61B /* InfiniteScroll.swift in Sources */ = {isa = PBXBuildFile; fileRef = 5983DC16254572D70026B61B /* InfiniteScroll.swift */; };
		5986518025399E83006B631F /* ContentDataSource.swift in Sources */ = {isa = PBXBuildFile; fileRef = 5986517F25399E83006B631F /* ContentDataSource.swift */; };
		598BE6D82535B29B00919439 /* SecondaryFileCell.swift in Sources */ = {isa = PBXBuildFile; fileRef = 598BE6D72535B29B00919439 /* SecondaryFileCell.swift */; };
		598BE6E32535CCA000919439 /* Utils.swift in Sources */ = {isa = PBXBuildFile; fileRef = 598BE6E22535CCA000919439 /* Utils.swift */; };
		598FDA4F251092F100ED2C13 /* CollectionView.swift in Sources */ = {isa = PBXBuildFile; fileRef = 598FDA4E251092F100ED2C13 /* CollectionView.swift */; };
		598FDA522510A9A200ED2C13 /* View+Extension.swift in Sources */ = {isa = PBXBuildFile; fileRef = 598FDA512510A9A200ED2C13 /* View+Extension.swift */; };
		598FDA552510AADC00ED2C13 /* CollectionDetailView.swift in Sources */ = {isa = PBXBuildFile; fileRef = 598FDA542510AADC00ED2C13 /* CollectionDetailView.swift */; };
		598FDA572510AB5700ED2C13 /* SwiftUICollectionView.swift in Sources */ = {isa = PBXBuildFile; fileRef = 598FDA562510AB5700ED2C13 /* SwiftUICollectionView.swift */; };
		598FDA5A2510AF3500ED2C13 /* CollectionViewLayout.swift in Sources */ = {isa = PBXBuildFile; fileRef = 598FDA592510AF3500ED2C13 /* CollectionViewLayout.swift */; };
		598FDA5C2510B3DC00ED2C13 /* PagedCollection.swift in Sources */ = {isa = PBXBuildFile; fileRef = 598FDA5B2510B3DC00ED2C13 /* PagedCollection.swift */; };
		598FDA5E2510B63200ED2C13 /* RandomAccessCollection+Extension.swift in Sources */ = {isa = PBXBuildFile; fileRef = 598FDA5D2510B63200ED2C13 /* RandomAccessCollection+Extension.swift */; };
		598FDA602510B70C00ED2C13 /* String+Extension.swift in Sources */ = {isa = PBXBuildFile; fileRef = 598FDA5F2510B70C00ED2C13 /* String+Extension.swift */; };
		599420DB250F4AC50044565A /* ColorFromHexString.swift in Sources */ = {isa = PBXBuildFile; fileRef = 599420DA250F4AC50044565A /* ColorFromHexString.swift */; };
		599871E2254C0F9200571DC4 /* UIFont+bestFittingFontSize.swift in Sources */ = {isa = PBXBuildFile; fileRef = 599871E1254C0F9200571DC4 /* UIFont+bestFittingFontSize.swift */; };
		599871E6254C174E00571DC4 /* PaddingLabel.swift in Sources */ = {isa = PBXBuildFile; fileRef = 599871E5254C174E00571DC4 /* PaddingLabel.swift */; };
		5999E0EE251E4F160096470D /* Profile.swift in Sources */ = {isa = PBXBuildFile; fileRef = 5999E0ED251E4F160096470D /* Profile.swift */; };
		5999E0F1251E50180096470D /* RantInFeed.swift in Sources */ = {isa = PBXBuildFile; fileRef = 5999E0F0251E50180096470D /* RantInFeed.swift */; };
		5999E0F4251E58F70096470D /* ProfileView.swift in Sources */ = {isa = PBXBuildFile; fileRef = 5999E0F3251E58F70096470D /* ProfileView.swift */; };
		5999E7D62567DB8F00D88813 /* UITextView+Placeholder.m in Sources */ = {isa = PBXBuildFile; fileRef = 5999E7D52567DB8F00D88813 /* UITextView+Placeholder.m */; };
		5999E7D925680FCE00D88813 /* ImagePicker.swift in Sources */ = {isa = PBXBuildFile; fileRef = 5999E7D825680FCE00D88813 /* ImagePicker.swift */; };
		599EC27225496F6000332AF5 /* UIHeaderView.swift in Sources */ = {isa = PBXBuildFile; fileRef = 599EC27125496F6000332AF5 /* UIHeaderView.swift */; };
		59B5C272250E78730056F0EC /* APIRequest.swift in Sources */ = {isa = PBXBuildFile; fileRef = 59B5C271250E78730056F0EC /* APIRequest.swift */; };
		59B5C274250E78A90056F0EC /* User.swift in Sources */ = {isa = PBXBuildFile; fileRef = 59B5C273250E78A90056F0EC /* User.swift */; };
		59B5C277250EB1CD0056F0EC /* Rant.swift in Sources */ = {isa = PBXBuildFile; fileRef = 59B5C276250EB1CD0056F0EC /* Rant.swift */; };
		59B5C27A250EB6600056F0EC /* RantModel.swift in Sources */ = {isa = PBXBuildFile; fileRef = 59B5C279250EB6600056F0EC /* RantModel.swift */; };
		59B85B2E25345BAB00B2CAC9 /* QuickLook.swift in Sources */ = {isa = PBXBuildFile; fileRef = 59B85B2D25345BAB00B2CAC9 /* QuickLook.swift */; };
		59B85B3125345BD500B2CAC9 /* File.swift in Sources */ = {isa = PBXBuildFile; fileRef = 59B85B3025345BD500B2CAC9 /* File.swift */; };
		59B85B342534629000B2CAC9 /* FileCell.swift in Sources */ = {isa = PBXBuildFile; fileRef = 59B85B332534629000B2CAC9 /* FileCell.swift */; };
		59BC7B2125595D0600A3E549 /* Carbon in Frameworks */ = {isa = PBXBuildFile; productRef = 59BC7B2025595D0600A3E549 /* Carbon */; };
		59D016C62566A63100EE077B /* ComposeView.swift in Sources */ = {isa = PBXBuildFile; fileRef = 59D016C52566A63100EE077B /* ComposeView.swift */; };
		59D822CB2534EBD70015E2D5 /* RantResponse.swift in Sources */ = {isa = PBXBuildFile; fileRef = 59D822CA2534EBD70015E2D5 /* RantResponse.swift */; };
		59D950CE2563D9A500D5DD4E /* MultiplexerController in Frameworks */ = {isa = PBXBuildFile; productRef = 59D950CD2563D9A500D5DD4E /* MultiplexerController */; };
		59D950D12563E86F00D5DD4E /* LazyView.swift in Sources */ = {isa = PBXBuildFile; fileRef = 59D950D02563E86F00D5DD4E /* LazyView.swift */; };
		59E67180256F92B3006433A3 /* ProfileScreen.storyboard in Resources */ = {isa = PBXBuildFile; fileRef = 59E6717F256F92B3006433A3 /* ProfileScreen.storyboard */; };
		59E67182256F9363006433A3 /* StretchyHeader.storyboard in Resources */ = {isa = PBXBuildFile; fileRef = 59E67181256F9363006433A3 /* StretchyHeader.storyboard */; };
		59E67185256FCC24006433A3 /* ProfileScreen.swift in Sources */ = {isa = PBXBuildFile; fileRef = 59E67184256FCC24006433A3 /* ProfileScreen.swift */; };
		59EA61A125259F0D0084E712 /* RantFeed.swift in Sources */ = {isa = PBXBuildFile; fileRef = 59EA61A025259F0D0084E712 /* RantFeed.swift */; };
		59EA62172525FA8F0084E712 /* RantInFeedView.swift in Sources */ = {isa = PBXBuildFile; fileRef = 59EA62162525FA8F0084E712 /* RantInFeedView.swift */; };
		59EA621F25265B9D0084E712 /* WrapStack.swift in Sources */ = {isa = PBXBuildFile; fileRef = 59EA621E25265B9D0084E712 /* WrapStack.swift */; };
		59F1F62725528EC10007FF49 /* CalculationsUtils.m in Sources */ = {isa = PBXBuildFile; fileRef = 59F1F61B25528EC10007FF49 /* CalculationsUtils.m */; };
		59F1F62825528EC10007FF49 /* UIView+Subviews.m in Sources */ = {isa = PBXBuildFile; fileRef = 59F1F61D25528EC10007FF49 /* UIView+Subviews.m */; };
		59F1F62925528EC10007FF49 /* UIView+Shadow.m in Sources */ = {isa = PBXBuildFile; fileRef = 59F1F61F25528EC10007FF49 /* UIView+Shadow.m */; };
		59F1F62A25528EC10007FF49 /* UIView+HorizontalView.m in Sources */ = {isa = PBXBuildFile; fileRef = 59F1F62125528EC10007FF49 /* UIView+HorizontalView.m */; };
		59F1F62B25528EC10007FF49 /* UIView+Helper.m in Sources */ = {isa = PBXBuildFile; fileRef = 59F1F62325528EC10007FF49 /* UIView+Helper.m */; };
		59F1F62C25528EC10007FF49 /* UILabel+Subview.m in Sources */ = {isa = PBXBuildFile; fileRef = 59F1F62525528EC10007FF49 /* UILabel+Subview.m */; };
		59F20B43253C6C7C0028A3C6 /* AppleMusicStyleScrollView.swift in Sources */ = {isa = PBXBuildFile; fileRef = 59F20B42253C6C7C0028A3C6 /* AppleMusicStyleScrollView.swift */; };
		59F20B46253C6C8A0028A3C6 /* BackButton.swift in Sources */ = {isa = PBXBuildFile; fileRef = 59F20B45253C6C8A0028A3C6 /* BackButton.swift */; };
		59F20B49253C6C9D0028A3C6 /* BlurView.swift in Sources */ = {isa = PBXBuildFile; fileRef = 59F20B48253C6C9D0028A3C6 /* BlurView.swift */; };
		59F20B4C253C6CB00028A3C6 /* FancyScrollView.swift in Sources */ = {isa = PBXBuildFile; fileRef = 59F20B4B253C6CB00028A3C6 /* FancyScrollView.swift */; };
		59F20B4F253C6CC80028A3C6 /* HeaderScrollView.swift in Sources */ = {isa = PBXBuildFile; fileRef = 59F20B4E253C6CC80028A3C6 /* HeaderScrollView.swift */; };
		59F20B52253C6CE50028A3C6 /* HeaderScrollViewTitle.swift in Sources */ = {isa = PBXBuildFile; fileRef = 59F20B51253C6CE50028A3C6 /* HeaderScrollViewTitle.swift */; };
		59F20B55253C6D060028A3C6 /* ScrollDownHeaderBehavior.swift in Sources */ = {isa = PBXBuildFile; fileRef = 59F20B54253C6D060028A3C6 /* ScrollDownHeaderBehavior.swift */; };
		59F20B58253C6D270028A3C6 /* ScrollUpHeaderBehavior.swift in Sources */ = {isa = PBXBuildFile; fileRef = 59F20B57253C6D270028A3C6 /* ScrollUpHeaderBehavior.swift */; };
		59F20B5B253C6D440028A3C6 /* View+hideNavigationBarWithoutLosingSwipeBack.swift in Sources */ = {isa = PBXBuildFile; fileRef = 59F20B5A253C6D440028A3C6 /* View+hideNavigationBarWithoutLosingSwipeBack.swift */; };
		59F20B5E253C6D6B0028A3C6 /* View+navigationAllowSwipeBackWhenHidden.swift in Sources */ = {isa = PBXBuildFile; fileRef = 59F20B5D253C6D6B0028A3C6 /* View+navigationAllowSwipeBackWhenHidden.swift */; };
		64D70BF8D6AD90E4A76ACEE2 /* Pods_devRantAvatarEditor.framework in Frameworks */ = {isa = PBXBuildFile; fileRef = 9329BA3DCF47D1B1F7BA8F79 /* Pods_devRantAvatarEditor.framework */; };
/* End PBXBuildFile section */

/* Begin PBXCopyFilesBuildPhase section */
		59A96664256E510A0002F0EC /* Embed Frameworks */ = {
			isa = PBXCopyFilesBuildPhase;
			buildActionMask = 2147483647;
			dstPath = "";
			dstSubfolderSpec = 10;
			files = (
			);
			name = "Embed Frameworks";
			runOnlyForDeploymentPostprocessing = 0;
		};
/* End PBXCopyFilesBuildPhase section */

/* Begin PBXFileReference section */
		5903172F2524B9CF00CA9E99 /* ParallaxScrollViewPort.swift */ = {isa = PBXFileReference; lastKnownFileType = sourcecode.swift; path = ParallaxScrollViewPort.swift; sourceTree = "<group>"; };
		590CB1842549622C00972528 /* SecondaryInfiniteScroll.swift */ = {isa = PBXFileReference; lastKnownFileType = sourcecode.swift; path = SecondaryInfiniteScroll.swift; sourceTree = "<group>"; };
		591F5A33255BDC86005D3F20 /* RectGetter.swift */ = {isa = PBXFileReference; lastKnownFileType = sourcecode.swift; path = RectGetter.swift; sourceTree = "<group>"; };
		591F5A3F255C073B005D3F20 /* tektronixTest.mp4 */ = {isa = PBXFileReference; lastKnownFileType = file; path = tektronixTest.mp4; sourceTree = "<group>"; };
		591F5A43255C0A3E005D3F20 /* imageTest.jpg */ = {isa = PBXFileReference; lastKnownFileType = image.jpeg; path = imageTest.jpg; sourceTree = "<group>"; };
		591F5A51255C0C3A005D3F20 /* pngTest.png */ = {isa = PBXFileReference; lastKnownFileType = image.png; path = pngTest.png; sourceTree = "<group>"; };
		5948D91A250E6D4200373317 /* devRantAvatarEditor.app */ = {isa = PBXFileReference; explicitFileType = wrapper.application; includeInIndex = 0; path = devRantAvatarEditor.app; sourceTree = BUILT_PRODUCTS_DIR; };
		5948D91D250E6D4200373317 /* devRantAvatarEditorApp.swift */ = {isa = PBXFileReference; lastKnownFileType = sourcecode.swift; path = devRantAvatarEditorApp.swift; sourceTree = "<group>"; };
		5948D91F250E6D4200373317 /* ContentView.swift */ = {isa = PBXFileReference; lastKnownFileType = sourcecode.swift; path = ContentView.swift; sourceTree = "<group>"; };
		5948D921250E6D4700373317 /* Assets.xcassets */ = {isa = PBXFileReference; lastKnownFileType = folder.assetcatalog; path = Assets.xcassets; sourceTree = "<group>"; };
		5948D924250E6D4700373317 /* Preview Assets.xcassets */ = {isa = PBXFileReference; lastKnownFileType = folder.assetcatalog; path = "Preview Assets.xcassets"; sourceTree = "<group>"; };
		5948D926250E6D4700373317 /* Info.plist */ = {isa = PBXFileReference; lastKnownFileType = text.plist.xml; path = Info.plist; sourceTree = "<group>"; };
		5948D92C250E6DE900373317 /* LoginScreen.swift */ = {isa = PBXFileReference; lastKnownFileType = sourcecode.swift; path = LoginScreen.swift; sourceTree = "<group>"; };
		5948D92E250E6EA000373317 /* UndismissableSheet.swift */ = {isa = PBXFileReference; lastKnownFileType = sourcecode.swift; path = UndismissableSheet.swift; sourceTree = "<group>"; };
		594CA459255AB88800E7D009 /* SlideOverCard.swift */ = {isa = PBXFileReference; lastKnownFileType = sourcecode.swift; path = SlideOverCard.swift; sourceTree = "<group>"; };
		595604F52536FB4E00928C01 /* ThumbnailImageView.swift */ = {isa = PBXFileReference; lastKnownFileType = sourcecode.swift; path = ThumbnailImageView.swift; sourceTree = "<group>"; };
		59627A49250F925A00233F48 /* CommentModel.swift */ = {isa = PBXFileReference; lastKnownFileType = sourcecode.swift; path = CommentModel.swift; sourceTree = "<group>"; };
		59627A4B250F9B3B00233F48 /* Comment.swift */ = {isa = PBXFileReference; lastKnownFileType = sourcecode.swift; path = Comment.swift; sourceTree = "<group>"; };
		59627A4D250FA4C100233F48 /* RantView.swift */ = {isa = PBXFileReference; lastKnownFileType = sourcecode.swift; path = RantView.swift; sourceTree = "<group>"; };
		596ED26025629B1500F0EBB5 /* PreviewTester.swift */ = {isa = PBXFileReference; lastKnownFileType = sourcecode.swift; path = PreviewTester.swift; sourceTree = "<group>"; };
		597EC1B925100BE800EB42C6 /* GeometryContainer.swift */ = {isa = PBXFileReference; lastKnownFileType = sourcecode.swift; path = GeometryContainer.swift; sourceTree = "<group>"; };
		5983DC13254572570026B61B /* BridgingHeader.h */ = {isa = PBXFileReference; lastKnownFileType = sourcecode.c.h; path = BridgingHeader.h; sourceTree = "<group>"; };
		5983DC16254572D70026B61B /* InfiniteScroll.swift */ = {isa = PBXFileReference; lastKnownFileType = sourcecode.swift; path = InfiniteScroll.swift; sourceTree = "<group>"; };
		5986517F25399E83006B631F /* ContentDataSource.swift */ = {isa = PBXFileReference; lastKnownFileType = sourcecode.swift; path = ContentDataSource.swift; sourceTree = "<group>"; };
		598BE6D72535B29B00919439 /* SecondaryFileCell.swift */ = {isa = PBXFileReference; lastKnownFileType = sourcecode.swift; path = SecondaryFileCell.swift; sourceTree = "<group>"; };
		598BE6E22535CCA000919439 /* Utils.swift */ = {isa = PBXFileReference; fileEncoding = 4; lastKnownFileType = sourcecode.swift; path = Utils.swift; sourceTree = "<group>"; };
		598DB59F2511FD2900E7CF6D /* devRantAvatarEditor.entitlements */ = {isa = PBXFileReference; lastKnownFileType = text.plist.entitlements; path = devRantAvatarEditor.entitlements; sourceTree = "<group>"; };
		598FDA4E251092F100ED2C13 /* CollectionView.swift */ = {isa = PBXFileReference; lastKnownFileType = sourcecode.swift; path = CollectionView.swift; sourceTree = "<group>"; };
		598FDA512510A9A200ED2C13 /* View+Extension.swift */ = {isa = PBXFileReference; lastKnownFileType = sourcecode.swift; path = "View+Extension.swift"; sourceTree = "<group>"; };
		598FDA542510AADC00ED2C13 /* CollectionDetailView.swift */ = {isa = PBXFileReference; lastKnownFileType = sourcecode.swift; path = CollectionDetailView.swift; sourceTree = "<group>"; };
		598FDA562510AB5700ED2C13 /* SwiftUICollectionView.swift */ = {isa = PBXFileReference; lastKnownFileType = sourcecode.swift; path = SwiftUICollectionView.swift; sourceTree = "<group>"; };
		598FDA592510AF3500ED2C13 /* CollectionViewLayout.swift */ = {isa = PBXFileReference; lastKnownFileType = sourcecode.swift; path = CollectionViewLayout.swift; sourceTree = "<group>"; };
		598FDA5B2510B3DC00ED2C13 /* PagedCollection.swift */ = {isa = PBXFileReference; lastKnownFileType = sourcecode.swift; path = PagedCollection.swift; sourceTree = "<group>"; };
		598FDA5D2510B63200ED2C13 /* RandomAccessCollection+Extension.swift */ = {isa = PBXFileReference; lastKnownFileType = sourcecode.swift; path = "RandomAccessCollection+Extension.swift"; sourceTree = "<group>"; };
		598FDA5F2510B70C00ED2C13 /* String+Extension.swift */ = {isa = PBXFileReference; lastKnownFileType = sourcecode.swift; path = "String+Extension.swift"; sourceTree = "<group>"; };
		599420DA250F4AC50044565A /* ColorFromHexString.swift */ = {isa = PBXFileReference; lastKnownFileType = sourcecode.swift; path = ColorFromHexString.swift; sourceTree = "<group>"; };
		599871E1254C0F9200571DC4 /* UIFont+bestFittingFontSize.swift */ = {isa = PBXFileReference; lastKnownFileType = sourcecode.swift; path = "UIFont+bestFittingFontSize.swift"; sourceTree = "<group>"; };
		599871E5254C174E00571DC4 /* PaddingLabel.swift */ = {isa = PBXFileReference; lastKnownFileType = sourcecode.swift; path = PaddingLabel.swift; sourceTree = "<group>"; };
		5999E0ED251E4F160096470D /* Profile.swift */ = {isa = PBXFileReference; lastKnownFileType = sourcecode.swift; path = Profile.swift; sourceTree = "<group>"; };
		5999E0F0251E50180096470D /* RantInFeed.swift */ = {isa = PBXFileReference; lastKnownFileType = sourcecode.swift; path = RantInFeed.swift; sourceTree = "<group>"; };
		5999E0F3251E58F70096470D /* ProfileView.swift */ = {isa = PBXFileReference; lastKnownFileType = sourcecode.swift; path = ProfileView.swift; sourceTree = "<group>"; };
		5999E7D42567DB6000D88813 /* UITextView+Placeholder.h */ = {isa = PBXFileReference; lastKnownFileType = sourcecode.c.h; path = "UITextView+Placeholder.h"; sourceTree = "<group>"; };
		5999E7D52567DB8F00D88813 /* UITextView+Placeholder.m */ = {isa = PBXFileReference; lastKnownFileType = sourcecode.c.objc; path = "UITextView+Placeholder.m"; sourceTree = "<group>"; };
		5999E7D825680FCE00D88813 /* ImagePicker.swift */ = {isa = PBXFileReference; lastKnownFileType = sourcecode.swift; path = ImagePicker.swift; sourceTree = "<group>"; };
		599A958A2553FEF5006D044C /* LookinServer.framework */ = {isa = PBXFileReference; lastKnownFileType = wrapper.framework; name = LookinServer.framework; path = ../../Downloads/LookinServer.framework; sourceTree = "<group>"; };
		599A958F2553FF24006D044C /* LookinServer.framework */ = {isa = PBXFileReference; lastKnownFileType = wrapper.framework; name = LookinServer.framework; path = ../../../../Applications/Lookin.app/Contents/Resources/LookinServerFramework/LookinServer.framework; sourceTree = "<group>"; };
		599EC27125496F6000332AF5 /* UIHeaderView.swift */ = {isa = PBXFileReference; lastKnownFileType = sourcecode.swift; path = UIHeaderView.swift; sourceTree = "<group>"; };
		59B5C271250E78730056F0EC /* APIRequest.swift */ = {isa = PBXFileReference; lastKnownFileType = sourcecode.swift; path = APIRequest.swift; sourceTree = "<group>"; };
		59B5C273250E78A90056F0EC /* User.swift */ = {isa = PBXFileReference; lastKnownFileType = sourcecode.swift; path = User.swift; sourceTree = "<group>"; };
		59B5C276250EB1CD0056F0EC /* Rant.swift */ = {isa = PBXFileReference; lastKnownFileType = sourcecode.swift; path = Rant.swift; sourceTree = "<group>"; };
		59B5C279250EB6600056F0EC /* RantModel.swift */ = {isa = PBXFileReference; lastKnownFileType = sourcecode.swift; path = RantModel.swift; sourceTree = "<group>"; };
		59B85B2D25345BAB00B2CAC9 /* QuickLook.swift */ = {isa = PBXFileReference; lastKnownFileType = sourcecode.swift; path = QuickLook.swift; sourceTree = "<group>"; };
		59B85B3025345BD500B2CAC9 /* File.swift */ = {isa = PBXFileReference; lastKnownFileType = sourcecode.swift; path = File.swift; sourceTree = "<group>"; };
		59B85B332534629000B2CAC9 /* FileCell.swift */ = {isa = PBXFileReference; lastKnownFileType = sourcecode.swift; path = FileCell.swift; sourceTree = "<group>"; };
		59D016C52566A63100EE077B /* ComposeView.swift */ = {isa = PBXFileReference; lastKnownFileType = sourcecode.swift; path = ComposeView.swift; sourceTree = "<group>"; };
		59D822CA2534EBD70015E2D5 /* RantResponse.swift */ = {isa = PBXFileReference; lastKnownFileType = sourcecode.swift; path = RantResponse.swift; sourceTree = "<group>"; };
		59D950D02563E86F00D5DD4E /* LazyView.swift */ = {isa = PBXFileReference; lastKnownFileType = sourcecode.swift; path = LazyView.swift; sourceTree = "<group>"; };
		59DA6088256E5D6300253EE3 /* ASCollectionView-1.7.1 */ = {isa = PBXFileReference; lastKnownFileType = folder; name = "ASCollectionView-1.7.1"; path = "../../../Downloads/ASCollectionView-1.7.1"; sourceTree = "<group>"; };
		59E6717F256F92B3006433A3 /* ProfileScreen.storyboard */ = {isa = PBXFileReference; lastKnownFileType = file.storyboard; path = ProfileScreen.storyboard; sourceTree = "<group>"; };
		59E67181256F9363006433A3 /* StretchyHeader.storyboard */ = {isa = PBXFileReference; lastKnownFileType = file.storyboard; path = StretchyHeader.storyboard; sourceTree = "<group>"; };
		59E67184256FCC24006433A3 /* ProfileScreen.swift */ = {isa = PBXFileReference; lastKnownFileType = sourcecode.swift; path = ProfileScreen.swift; sourceTree = "<group>"; };
		59EA61A025259F0D0084E712 /* RantFeed.swift */ = {isa = PBXFileReference; lastKnownFileType = sourcecode.swift; path = RantFeed.swift; sourceTree = "<group>"; };
		59EA62162525FA8F0084E712 /* RantInFeedView.swift */ = {isa = PBXFileReference; lastKnownFileType = sourcecode.swift; path = RantInFeedView.swift; sourceTree = "<group>"; };
		59EA621E25265B9D0084E712 /* WrapStack.swift */ = {isa = PBXFileReference; lastKnownFileType = sourcecode.swift; path = WrapStack.swift; sourceTree = "<group>"; };
		59F1F61B25528EC10007FF49 /* CalculationsUtils.m */ = {isa = PBXFileReference; fileEncoding = 4; lastKnownFileType = sourcecode.c.objc; path = CalculationsUtils.m; sourceTree = "<group>"; };
		59F1F61C25528EC10007FF49 /* UIView+HorizontalView.h */ = {isa = PBXFileReference; fileEncoding = 4; lastKnownFileType = sourcecode.c.h; path = "UIView+HorizontalView.h"; sourceTree = "<group>"; };
		59F1F61D25528EC10007FF49 /* UIView+Subviews.m */ = {isa = PBXFileReference; fileEncoding = 4; lastKnownFileType = sourcecode.c.objc; path = "UIView+Subviews.m"; sourceTree = "<group>"; };
		59F1F61E25528EC10007FF49 /* UIView+Helper.h */ = {isa = PBXFileReference; fileEncoding = 4; lastKnownFileType = sourcecode.c.h; path = "UIView+Helper.h"; sourceTree = "<group>"; };
		59F1F61F25528EC10007FF49 /* UIView+Shadow.m */ = {isa = PBXFileReference; fileEncoding = 4; lastKnownFileType = sourcecode.c.objc; path = "UIView+Shadow.m"; sourceTree = "<group>"; };
		59F1F62025528EC10007FF49 /* UILabel+Subview.h */ = {isa = PBXFileReference; fileEncoding = 4; lastKnownFileType = sourcecode.c.h; path = "UILabel+Subview.h"; sourceTree = "<group>"; };
		59F1F62125528EC10007FF49 /* UIView+HorizontalView.m */ = {isa = PBXFileReference; fileEncoding = 4; lastKnownFileType = sourcecode.c.objc; path = "UIView+HorizontalView.m"; sourceTree = "<group>"; };
		59F1F62225528EC10007FF49 /* CalculationsUtils.h */ = {isa = PBXFileReference; fileEncoding = 4; lastKnownFileType = sourcecode.c.h; path = CalculationsUtils.h; sourceTree = "<group>"; };
		59F1F62325528EC10007FF49 /* UIView+Helper.m */ = {isa = PBXFileReference; fileEncoding = 4; lastKnownFileType = sourcecode.c.objc; path = "UIView+Helper.m"; sourceTree = "<group>"; };
		59F1F62425528EC10007FF49 /* UIView+Subviews.h */ = {isa = PBXFileReference; fileEncoding = 4; lastKnownFileType = sourcecode.c.h; path = "UIView+Subviews.h"; sourceTree = "<group>"; };
		59F1F62525528EC10007FF49 /* UILabel+Subview.m */ = {isa = PBXFileReference; fileEncoding = 4; lastKnownFileType = sourcecode.c.objc; path = "UILabel+Subview.m"; sourceTree = "<group>"; };
		59F1F62625528EC10007FF49 /* UIView+Shadow.h */ = {isa = PBXFileReference; fileEncoding = 4; lastKnownFileType = sourcecode.c.h; path = "UIView+Shadow.h"; sourceTree = "<group>"; };
		59F20B42253C6C7C0028A3C6 /* AppleMusicStyleScrollView.swift */ = {isa = PBXFileReference; lastKnownFileType = sourcecode.swift; path = AppleMusicStyleScrollView.swift; sourceTree = "<group>"; };
		59F20B45253C6C8A0028A3C6 /* BackButton.swift */ = {isa = PBXFileReference; lastKnownFileType = sourcecode.swift; path = BackButton.swift; sourceTree = "<group>"; };
		59F20B48253C6C9D0028A3C6 /* BlurView.swift */ = {isa = PBXFileReference; lastKnownFileType = sourcecode.swift; path = BlurView.swift; sourceTree = "<group>"; };
		59F20B4B253C6CB00028A3C6 /* FancyScrollView.swift */ = {isa = PBXFileReference; lastKnownFileType = sourcecode.swift; path = FancyScrollView.swift; sourceTree = "<group>"; };
		59F20B4E253C6CC80028A3C6 /* HeaderScrollView.swift */ = {isa = PBXFileReference; lastKnownFileType = sourcecode.swift; path = HeaderScrollView.swift; sourceTree = "<group>"; };
		59F20B51253C6CE50028A3C6 /* HeaderScrollViewTitle.swift */ = {isa = PBXFileReference; lastKnownFileType = sourcecode.swift; path = HeaderScrollViewTitle.swift; sourceTree = "<group>"; };
		59F20B54253C6D060028A3C6 /* ScrollDownHeaderBehavior.swift */ = {isa = PBXFileReference; lastKnownFileType = sourcecode.swift; path = ScrollDownHeaderBehavior.swift; sourceTree = "<group>"; };
		59F20B57253C6D270028A3C6 /* ScrollUpHeaderBehavior.swift */ = {isa = PBXFileReference; lastKnownFileType = sourcecode.swift; path = ScrollUpHeaderBehavior.swift; sourceTree = "<group>"; };
		59F20B5A253C6D440028A3C6 /* View+hideNavigationBarWithoutLosingSwipeBack.swift */ = {isa = PBXFileReference; lastKnownFileType = sourcecode.swift; path = "View+hideNavigationBarWithoutLosingSwipeBack.swift"; sourceTree = "<group>"; };
		59F20B5D253C6D6B0028A3C6 /* View+navigationAllowSwipeBackWhenHidden.swift */ = {isa = PBXFileReference; lastKnownFileType = sourcecode.swift; path = "View+navigationAllowSwipeBackWhenHidden.swift"; sourceTree = "<group>"; };
		9329BA3DCF47D1B1F7BA8F79 /* Pods_devRantAvatarEditor.framework */ = {isa = PBXFileReference; explicitFileType = wrapper.framework; includeInIndex = 0; path = Pods_devRantAvatarEditor.framework; sourceTree = BUILT_PRODUCTS_DIR; };
		B252914F5DFF09BAB871A017 /* Pods-devRantAvatarEditor.release.xcconfig */ = {isa = PBXFileReference; includeInIndex = 1; lastKnownFileType = text.xcconfig; name = "Pods-devRantAvatarEditor.release.xcconfig"; path = "Target Support Files/Pods-devRantAvatarEditor/Pods-devRantAvatarEditor.release.xcconfig"; sourceTree = "<group>"; };
		C8E522D3F238A9306FD60E6C /* Pods-devRantAvatarEditor.debug.xcconfig */ = {isa = PBXFileReference; includeInIndex = 1; lastKnownFileType = text.xcconfig; name = "Pods-devRantAvatarEditor.debug.xcconfig"; path = "Target Support Files/Pods-devRantAvatarEditor/Pods-devRantAvatarEditor.debug.xcconfig"; sourceTree = "<group>"; };
/* End PBXFileReference section */

/* Begin PBXFrameworksBuildPhase section */
		5948D917250E6D4200373317 /* Frameworks */ = {
			isa = PBXFrameworksBuildPhase;
			buildActionMask = 2147483647;
			files = (
				64D70BF8D6AD90E4A76ACEE2 /* Pods_devRantAvatarEditor.framework in Frameworks */,
				590CB1892549649800972528 /* TinyConstraints in Frameworks */,
				59BC7B2125595D0600A3E549 /* Carbon in Frameworks */,
				594CA450255A8F7D00E7D009 /* TagListView in Frameworks */,
				59D950CE2563D9A500D5DD4E /* MultiplexerController in Frameworks */,
			);
			runOnlyForDeploymentPostprocessing = 0;
		};
/* End PBXFrameworksBuildPhase section */

/* Begin PBXGroup section */
		3DB1456BDFADE13B676E2778 /* Frameworks */ = {
			isa = PBXGroup;
			children = (
				599A958A2553FEF5006D044C /* LookinServer.framework */,
				599A958F2553FF24006D044C /* LookinServer.framework */,
				9329BA3DCF47D1B1F7BA8F79 /* Pods_devRantAvatarEditor.framework */,
			);
			name = Frameworks;
			sourceTree = "<group>";
		};
		56E0465C995D164769F1B1A7 /* Pods */ = {
			isa = PBXGroup;
			children = (
				C8E522D3F238A9306FD60E6C /* Pods-devRantAvatarEditor.debug.xcconfig */,
				B252914F5DFF09BAB871A017 /* Pods-devRantAvatarEditor.release.xcconfig */,
			);
			path = Pods;
			sourceTree = "<group>";
		};
		5948D911250E6D4200373317 = {
			isa = PBXGroup;
			children = (
				5948D91C250E6D4200373317 /* devRantAvatarEditor */,
				5948D91B250E6D4200373317 /* Products */,
				56E0465C995D164769F1B1A7 /* Pods */,
				3DB1456BDFADE13B676E2778 /* Frameworks */,
			);
			sourceTree = "<group>";
		};
		5948D91B250E6D4200373317 /* Products */ = {
			isa = PBXGroup;
			children = (
				5948D91A250E6D4200373317 /* devRantAvatarEditor.app */,
			);
			name = Products;
			sourceTree = "<group>";
		};
		5948D91C250E6D4200373317 /* devRantAvatarEditor */ = {
			isa = PBXGroup;
			children = (
				59DA6088256E5D6300253EE3 /* ASCollectionView-1.7.1 */,
				59F1F61A25528EC10007FF49 /* DMHorizontalView */,
				598DB59F2511FD2900E7CF6D /* devRantAvatarEditor.entitlements */,
				598FDA582510AF1300ED2C13 /* Helpers */,
				598FDA502510A99100ED2C13 /* Extensions */,
				59B5C278250EB6500056F0EC /* Data Structures */,
				59B5C275250EB1BA0056F0EC /* View Models */,
				5992EB40253EC2F1005999C3 /* InfiniteScrollView */,
				59F20B2D253C6B030028A3C6 /* FancyScrollView */,
				5948D91D250E6D4200373317 /* devRantAvatarEditorApp.swift */,
				5948D91F250E6D4200373317 /* ContentView.swift */,
				59D016C52566A63100EE077B /* ComposeView.swift */,
				5999E7D825680FCE00D88813 /* ImagePicker.swift */,
				59B5C271250E78730056F0EC /* APIRequest.swift */,
				59B5C273250E78A90056F0EC /* User.swift */,
				596ED26025629B1500F0EBB5 /* PreviewTester.swift */,
				5948D92C250E6DE900373317 /* LoginScreen.swift */,
				59627A4D250FA4C100233F48 /* RantView.swift */,
				5999E0F3251E58F70096470D /* ProfileView.swift */,
				5948D92E250E6EA000373317 /* UndismissableSheet.swift */,
				599420DA250F4AC50044565A /* ColorFromHexString.swift */,
				5903172F2524B9CF00CA9E99 /* ParallaxScrollViewPort.swift */,
				59EA621E25265B9D0084E712 /* WrapStack.swift */,
				598BE6E22535CCA000919439 /* Utils.swift */,
				5986517F25399E83006B631F /* ContentDataSource.swift */,
				591F5A33255BDC86005D3F20 /* RectGetter.swift */,
				59D950D02563E86F00D5DD4E /* LazyView.swift */,
				5983DC13254572570026B61B /* BridgingHeader.h */,
				5999E7D42567DB6000D88813 /* UITextView+Placeholder.h */,
				5999E7D52567DB8F00D88813 /* UITextView+Placeholder.m */,
				5948D921250E6D4700373317 /* Assets.xcassets */,
				591F5A51255C0C3A005D3F20 /* pngTest.png */,
				591F5A3F255C073B005D3F20 /* tektronixTest.mp4 */,
				591F5A43255C0A3E005D3F20 /* imageTest.jpg */,
				5948D926250E6D4700373317 /* Info.plist */,
				5948D923250E6D4700373317 /* Preview Content */,
			);
			path = devRantAvatarEditor;
			sourceTree = "<group>";
		};
		5948D923250E6D4700373317 /* Preview Content */ = {
			isa = PBXGroup;
			children = (
				5948D924250E6D4700373317 /* Preview Assets.xcassets */,
			);
			path = "Preview Content";
			sourceTree = "<group>";
		};
		598FDA502510A99100ED2C13 /* Extensions */ = {
			isa = PBXGroup;
			children = (
				598FDA512510A9A200ED2C13 /* View+Extension.swift */,
				598FDA5D2510B63200ED2C13 /* RandomAccessCollection+Extension.swift */,
				598FDA5F2510B70C00ED2C13 /* String+Extension.swift */,
				599871E1254C0F9200571DC4 /* UIFont+bestFittingFontSize.swift */,
			);
			path = Extensions;
			sourceTree = "<group>";
		};
		598FDA532510AACD00ED2C13 /* Collection */ = {
			isa = PBXGroup;
			children = (
				598FDA542510AADC00ED2C13 /* CollectionDetailView.swift */,
				598FDA562510AB5700ED2C13 /* SwiftUICollectionView.swift */,
			);
			path = Collection;
			sourceTree = "<group>";
		};
		598FDA582510AF1300ED2C13 /* Helpers */ = {
			isa = PBXGroup;
			children = (
				598FDA592510AF3500ED2C13 /* CollectionViewLayout.swift */,
				598FDA5B2510B3DC00ED2C13 /* PagedCollection.swift */,
			);
			path = Helpers;
			sourceTree = "<group>";
		};
		5992EB40253EC2F1005999C3 /* InfiniteScrollView */ = {
			isa = PBXGroup;
			children = (
				5983DC16254572D70026B61B /* InfiniteScroll.swift */,
				590CB1842549622C00972528 /* SecondaryInfiniteScroll.swift */,
				59E6717F256F92B3006433A3 /* ProfileScreen.storyboard */,
				59E67184256FCC24006433A3 /* ProfileScreen.swift */,
				59E67181256F9363006433A3 /* StretchyHeader.storyboard */,
				599EC27125496F6000332AF5 /* UIHeaderView.swift */,
				599871E5254C174E00571DC4 /* PaddingLabel.swift */,
			);
			path = InfiniteScrollView;
			sourceTree = "<group>";
		};
		59B5C275250EB1BA0056F0EC /* View Models */ = {
			isa = PBXGroup;
			children = (
				598FDA532510AACD00ED2C13 /* Collection */,
				59B5C276250EB1CD0056F0EC /* Rant.swift */,
				598FDA4E251092F100ED2C13 /* CollectionView.swift */,
				597EC1B925100BE800EB42C6 /* GeometryContainer.swift */,
				59EA62162525FA8F0084E712 /* RantInFeedView.swift */,
				59627A4B250F9B3B00233F48 /* Comment.swift */,
				59B85B2D25345BAB00B2CAC9 /* QuickLook.swift */,
				595604F52536FB4E00928C01 /* ThumbnailImageView.swift */,
				59B85B332534629000B2CAC9 /* FileCell.swift */,
				598BE6D72535B29B00919439 /* SecondaryFileCell.swift */,
				594CA459255AB88800E7D009 /* SlideOverCard.swift */,
			);
			path = "View Models";
			sourceTree = "<group>";
		};
		59B5C278250EB6500056F0EC /* Data Structures */ = {
			isa = PBXGroup;
			children = (
				59B5C279250EB6600056F0EC /* RantModel.swift */,
				59627A49250F925A00233F48 /* CommentModel.swift */,
				5999E0ED251E4F160096470D /* Profile.swift */,
				5999E0F0251E50180096470D /* RantInFeed.swift */,
				59EA61A025259F0D0084E712 /* RantFeed.swift */,
				59B85B3025345BD500B2CAC9 /* File.swift */,
				59D822CA2534EBD70015E2D5 /* RantResponse.swift */,
			);
			path = "Data Structures";
			sourceTree = "<group>";
		};
		59F1F61A25528EC10007FF49 /* DMHorizontalView */ = {
			isa = PBXGroup;
			children = (
				59F1F61B25528EC10007FF49 /* CalculationsUtils.m */,
				59F1F61C25528EC10007FF49 /* UIView+HorizontalView.h */,
				59F1F61D25528EC10007FF49 /* UIView+Subviews.m */,
				59F1F61E25528EC10007FF49 /* UIView+Helper.h */,
				59F1F61F25528EC10007FF49 /* UIView+Shadow.m */,
				59F1F62025528EC10007FF49 /* UILabel+Subview.h */,
				59F1F62125528EC10007FF49 /* UIView+HorizontalView.m */,
				59F1F62225528EC10007FF49 /* CalculationsUtils.h */,
				59F1F62325528EC10007FF49 /* UIView+Helper.m */,
				59F1F62425528EC10007FF49 /* UIView+Subviews.h */,
				59F1F62525528EC10007FF49 /* UILabel+Subview.m */,
				59F1F62625528EC10007FF49 /* UIView+Shadow.h */,
			);
			path = DMHorizontalView;
			sourceTree = "<group>";
		};
		59F20B2D253C6B030028A3C6 /* FancyScrollView */ = {
			isa = PBXGroup;
			children = (
				59F20B42253C6C7C0028A3C6 /* AppleMusicStyleScrollView.swift */,
				59F20B45253C6C8A0028A3C6 /* BackButton.swift */,
				59F20B48253C6C9D0028A3C6 /* BlurView.swift */,
				59F20B4B253C6CB00028A3C6 /* FancyScrollView.swift */,
				59F20B4E253C6CC80028A3C6 /* HeaderScrollView.swift */,
				59F20B51253C6CE50028A3C6 /* HeaderScrollViewTitle.swift */,
				59F20B54253C6D060028A3C6 /* ScrollDownHeaderBehavior.swift */,
				59F20B57253C6D270028A3C6 /* ScrollUpHeaderBehavior.swift */,
				59F20B5A253C6D440028A3C6 /* View+hideNavigationBarWithoutLosingSwipeBack.swift */,
				59F20B5D253C6D6B0028A3C6 /* View+navigationAllowSwipeBackWhenHidden.swift */,
			);
			path = FancyScrollView;
			sourceTree = "<group>";
		};
/* End PBXGroup section */

/* Begin PBXNativeTarget section */
		5948D919250E6D4200373317 /* devRantAvatarEditor */ = {
			isa = PBXNativeTarget;
			buildConfigurationList = 5948D929250E6D4700373317 /* Build configuration list for PBXNativeTarget "devRantAvatarEditor" */;
			buildPhases = (
				EECC78F698C3FFE7D81D9198 /* [CP] Check Pods Manifest.lock */,
				5948D916250E6D4200373317 /* Sources */,
				5948D917250E6D4200373317 /* Frameworks */,
				5948D918250E6D4200373317 /* Resources */,
				99D714C4F7ACD6008FAEA0E6 /* [CP] Embed Pods Frameworks */,
				599A95982554003B006D044C /* Integrate Lookin */,
				59A96664256E510A0002F0EC /* Embed Frameworks */,
			);
			buildRules = (
			);
			dependencies = (
			);
			name = devRantAvatarEditor;
			packageProductDependencies = (
				590CB1882549649800972528 /* TinyConstraints */,
				59BC7B2025595D0600A3E549 /* Carbon */,
				594CA44F255A8F7D00E7D009 /* TagListView */,
				59D950CD2563D9A500D5DD4E /* MultiplexerController */,
			);
			productName = devRantAvatarEditor;
			productReference = 5948D91A250E6D4200373317 /* devRantAvatarEditor.app */;
			productType = "com.apple.product-type.application";
		};
/* End PBXNativeTarget section */

/* Begin PBXProject section */
		5948D912250E6D4200373317 /* Project object */ = {
			isa = PBXProject;
			attributes = {
				LastSwiftUpdateCheck = 1200;
				LastUpgradeCheck = 1200;
				TargetAttributes = {
					5948D919250E6D4200373317 = {
						CreatedOnToolsVersion = 12.0;
					};
				};
			};
			buildConfigurationList = 5948D915250E6D4200373317 /* Build configuration list for PBXProject "devRantAvatarEditor" */;
			compatibilityVersion = "Xcode 9.3";
			developmentRegion = en;
			hasScannedForEncodings = 0;
			knownRegions = (
				en,
				Base,
			);
			mainGroup = 5948D911250E6D4200373317;
			packageReferences = (
				590CB1872549649800972528 /* XCRemoteSwiftPackageReference "TinyConstraints" */,
				59BC7B1F25595D0600A3E549 /* XCRemoteSwiftPackageReference "Carbon" */,
				594CA44E255A8F7D00E7D009 /* XCRemoteSwiftPackageReference "TagListView" */,
				59D950CC2563D9A500D5DD4E /* XCRemoteSwiftPackageReference "MultiplexerController" */,
			);
			productRefGroup = 5948D91B250E6D4200373317 /* Products */;
			projectDirPath = "";
			projectRoot = "";
			targets = (
				5948D919250E6D4200373317 /* devRantAvatarEditor */,
			);
		};
/* End PBXProject section */

/* Begin PBXResourcesBuildPhase section */
		5948D918250E6D4200373317 /* Resources */ = {
			isa = PBXResourcesBuildPhase;
			buildActionMask = 2147483647;
			files = (
				59E67180256F92B3006433A3 /* ProfileScreen.storyboard in Resources */,
				5948D925250E6D4700373317 /* Preview Assets.xcassets in Resources */,
				591F5A40255C073B005D3F20 /* tektronixTest.mp4 in Resources */,
				591F5A52255C0C3A005D3F20 /* pngTest.png in Resources */,
				5948D922250E6D4700373317 /* Assets.xcassets in Resources */,
				591F5A44255C0A3E005D3F20 /* imageTest.jpg in Resources */,
				59E67182256F9363006433A3 /* StretchyHeader.storyboard in Resources */,
			);
			runOnlyForDeploymentPostprocessing = 0;
		};
/* End PBXResourcesBuildPhase section */

/* Begin PBXShellScriptBuildPhase section */
		599A95982554003B006D044C /* Integrate Lookin */ = {
			isa = PBXShellScriptBuildPhase;
			buildActionMask = 2147483647;
			files = (
			);
			inputFileListPaths = (
			);
			inputPaths = (
			);
			name = "Integrate Lookin";
			outputFileListPaths = (
			);
			outputPaths = (
			);
			runOnlyForDeploymentPostprocessing = 0;
			shellPath = /bin/zsh;
			shellScript = "FRAMEWORK_FILENAME=\"LookinServer.framework\"\nFRAMEWORK_WORKPATH=\"${CODESIGNING_FOLDER_PATH}/Frameworks\"\n\nFRAMEWORK_PATH=\"${SRCROOT}/${FRAMEWORK_FILENAME}\"\n\n[ \"${CONFIGURATION}\" != \"Debug\" ] && exit 0\n\nmkdir -p \"${FRAMEWORK_WORKPATH}\"\n\nif [ -e \"${FRAMEWORK_PATH}\" ]; then\n    cp -Rf \"$FRAMEWORK_PATH\" \"${FRAMEWORK_WORKPATH}\"\n    if [ -n \"${EXPANDED_CODE_SIGN_IDENTITY}\" ]; then\n        codesign -fs \"${EXPANDED_CODE_SIGN_IDENTITY}\" \"${FRAMEWORK_WORKPATH}/${FRAMEWORK_FILENAME}\"\n    fi\n    echo \"LookinServer was integrated successfully.\"\nelse\n    echo \"Failed to integrate LookingServer, Because the framework could not be found at ${FRAMEWORK_PATH}.\"\nfi\n";
		};
		99D714C4F7ACD6008FAEA0E6 /* [CP] Embed Pods Frameworks */ = {
			isa = PBXShellScriptBuildPhase;
			buildActionMask = 2147483647;
			files = (
			);
			inputFileListPaths = (
				"${PODS_ROOT}/Target Support Files/Pods-devRantAvatarEditor/Pods-devRantAvatarEditor-frameworks-${CONFIGURATION}-input-files.xcfilelist",
			);
			name = "[CP] Embed Pods Frameworks";
			outputFileListPaths = (
				"${PODS_ROOT}/Target Support Files/Pods-devRantAvatarEditor/Pods-devRantAvatarEditor-frameworks-${CONFIGURATION}-output-files.xcfilelist",
			);
			runOnlyForDeploymentPostprocessing = 0;
			shellPath = /bin/sh;
			shellScript = "\"${PODS_ROOT}/Target Support Files/Pods-devRantAvatarEditor/Pods-devRantAvatarEditor-frameworks.sh\"\n";
			showEnvVarsInLog = 0;
		};
		EECC78F698C3FFE7D81D9198 /* [CP] Check Pods Manifest.lock */ = {
			isa = PBXShellScriptBuildPhase;
			buildActionMask = 2147483647;
			files = (
			);
			inputFileListPaths = (
			);
			inputPaths = (
				"${PODS_PODFILE_DIR_PATH}/Podfile.lock",
				"${PODS_ROOT}/Manifest.lock",
			);
			name = "[CP] Check Pods Manifest.lock";
			outputFileListPaths = (
			);
			outputPaths = (
				"$(DERIVED_FILE_DIR)/Pods-devRantAvatarEditor-checkManifestLockResult.txt",
			);
			runOnlyForDeploymentPostprocessing = 0;
			shellPath = /bin/sh;
			shellScript = "diff \"${PODS_PODFILE_DIR_PATH}/Podfile.lock\" \"${PODS_ROOT}/Manifest.lock\" > /dev/null\nif [ $? != 0 ] ; then\n    # print error to STDERR\n    echo \"error: The sandbox is not in sync with the Podfile.lock. Run 'pod install' or update your CocoaPods installation.\" >&2\n    exit 1\nfi\n# This output is used by Xcode 'outputs' to avoid re-running this script phase.\necho \"SUCCESS\" > \"${SCRIPT_OUTPUT_FILE_0}\"\n";
			showEnvVarsInLog = 0;
		};
/* End PBXShellScriptBuildPhase section */

/* Begin PBXSourcesBuildPhase section */
		5948D916250E6D4200373317 /* Sources */ = {
			isa = PBXSourcesBuildPhase;
			buildActionMask = 2147483647;
			files = (
				5986518025399E83006B631F /* ContentDataSource.swift in Sources */,
				59D950D12563E86F00D5DD4E /* LazyView.swift in Sources */,
				59F20B4C253C6CB00028A3C6 /* FancyScrollView.swift in Sources */,
				5948D920250E6D4200373317 /* ContentView.swift in Sources */,
				59B85B342534629000B2CAC9 /* FileCell.swift in Sources */,
				5983DC17254572D70026B61B /* InfiniteScroll.swift in Sources */,
				5999E0EE251E4F160096470D /* Profile.swift in Sources */,
				59EA61A125259F0D0084E712 /* RantFeed.swift in Sources */,
				5948D91E250E6D4200373317 /* devRantAvatarEditorApp.swift in Sources */,
				59F20B55253C6D060028A3C6 /* ScrollDownHeaderBehavior.swift in Sources */,
				594CA45A255AB88800E7D009 /* SlideOverCard.swift in Sources */,
				59EA621F25265B9D0084E712 /* WrapStack.swift in Sources */,
				59F20B4F253C6CC80028A3C6 /* HeaderScrollView.swift in Sources */,
				59EA62172525FA8F0084E712 /* RantInFeedView.swift in Sources */,
				59F20B5B253C6D440028A3C6 /* View+hideNavigationBarWithoutLosingSwipeBack.swift in Sources */,
				59F20B43253C6C7C0028A3C6 /* AppleMusicStyleScrollView.swift in Sources */,
				59D822CB2534EBD70015E2D5 /* RantResponse.swift in Sources */,
				598FDA552510AADC00ED2C13 /* CollectionDetailView.swift in Sources */,
				598BE6D82535B29B00919439 /* SecondaryFileCell.swift in Sources */,
				59F1F62925528EC10007FF49 /* UIView+Shadow.m in Sources */,
				598FDA522510A9A200ED2C13 /* View+Extension.swift in Sources */,
				596ED26125629B1500F0EBB5 /* PreviewTester.swift in Sources */,
				591F5A34255BDC86005D3F20 /* RectGetter.swift in Sources */,
				598FDA5A2510AF3500ED2C13 /* CollectionViewLayout.swift in Sources */,
				598BE6E32535CCA000919439 /* Utils.swift in Sources */,
				590317302524B9CF00CA9E99 /* ParallaxScrollViewPort.swift in Sources */,
				595604F62536FB4E00928C01 /* ThumbnailImageView.swift in Sources */,
				5999E0F4251E58F70096470D /* ProfileView.swift in Sources */,
				598FDA5C2510B3DC00ED2C13 /* PagedCollection.swift in Sources */,
				59B5C277250EB1CD0056F0EC /* Rant.swift in Sources */,
				5948D92D250E6DE900373317 /* LoginScreen.swift in Sources */,
				59E67185256FCC24006433A3 /* ProfileScreen.swift in Sources */,
				597EC1BA25100BE800EB42C6 /* GeometryContainer.swift in Sources */,
				59F20B52253C6CE50028A3C6 /* HeaderScrollViewTitle.swift in Sources */,
				59F1F62C25528EC10007FF49 /* UILabel+Subview.m in Sources */,
				598FDA4F251092F100ED2C13 /* CollectionView.swift in Sources */,
				5999E0F1251E50180096470D /* RantInFeed.swift in Sources */,
				59F20B46253C6C8A0028A3C6 /* BackButton.swift in Sources */,
				59B5C272250E78730056F0EC /* APIRequest.swift in Sources */,
				598FDA602510B70C00ED2C13 /* String+Extension.swift in Sources */,
				59F20B49253C6C9D0028A3C6 /* BlurView.swift in Sources */,
				599EC27225496F6000332AF5 /* UIHeaderView.swift in Sources */,
				59F1F62825528EC10007FF49 /* UIView+Subviews.m in Sources */,
				59F1F62B25528EC10007FF49 /* UIView+Helper.m in Sources */,
				5999E7D62567DB8F00D88813 /* UITextView+Placeholder.m in Sources */,
				599871E6254C174E00571DC4 /* PaddingLabel.swift in Sources */,
				5999E7D925680FCE00D88813 /* ImagePicker.swift in Sources */,
				599871E2254C0F9200571DC4 /* UIFont+bestFittingFontSize.swift in Sources */,
				59B5C27A250EB6600056F0EC /* RantModel.swift in Sources */,
				598FDA5E2510B63200ED2C13 /* RandomAccessCollection+Extension.swift in Sources */,
				59D016C62566A63100EE077B /* ComposeView.swift in Sources */,
				59627A4C250F9B3B00233F48 /* Comment.swift in Sources */,
				5948D92F250E6EA000373317 /* UndismissableSheet.swift in Sources */,
				599420DB250F4AC50044565A /* ColorFromHexString.swift in Sources */,
				59627A4A250F925A00233F48 /* CommentModel.swift in Sources */,
				590CB1852549622C00972528 /* SecondaryInfiniteScroll.swift in Sources */,
				59627A4E250FA4C100233F48 /* RantView.swift in Sources */,
				59F1F62725528EC10007FF49 /* CalculationsUtils.m in Sources */,
				59B85B2E25345BAB00B2CAC9 /* QuickLook.swift in Sources */,
				59F20B58253C6D270028A3C6 /* ScrollUpHeaderBehavior.swift in Sources */,
				59F1F62A25528EC10007FF49 /* UIView+HorizontalView.m in Sources */,
				598FDA572510AB5700ED2C13 /* SwiftUICollectionView.swift in Sources */,
				59B85B3125345BD500B2CAC9 /* File.swift in Sources */,
				59B5C274250E78A90056F0EC /* User.swift in Sources */,
				59F20B5E253C6D6B0028A3C6 /* View+navigationAllowSwipeBackWhenHidden.swift in Sources */,
			);
			runOnlyForDeploymentPostprocessing = 0;
		};
/* End PBXSourcesBuildPhase section */

/* Begin XCBuildConfiguration section */
		5948D927250E6D4700373317 /* Debug */ = {
			isa = XCBuildConfiguration;
			buildSettings = {
				ALWAYS_SEARCH_USER_PATHS = NO;
				CLANG_ANALYZER_NONNULL = YES;
				CLANG_ANALYZER_NUMBER_OBJECT_CONVERSION = YES_AGGRESSIVE;
				CLANG_CXX_LANGUAGE_STANDARD = "gnu++14";
				CLANG_CXX_LIBRARY = "libc++";
				CLANG_ENABLE_MODULES = YES;
				CLANG_ENABLE_OBJC_ARC = YES;
				CLANG_ENABLE_OBJC_WEAK = YES;
				CLANG_WARN_BLOCK_CAPTURE_AUTORELEASING = YES;
				CLANG_WARN_BOOL_CONVERSION = YES;
				CLANG_WARN_COMMA = YES;
				CLANG_WARN_CONSTANT_CONVERSION = YES;
				CLANG_WARN_DEPRECATED_OBJC_IMPLEMENTATIONS = YES;
				CLANG_WARN_DIRECT_OBJC_ISA_USAGE = YES_ERROR;
				CLANG_WARN_DOCUMENTATION_COMMENTS = YES;
				CLANG_WARN_EMPTY_BODY = YES;
				CLANG_WARN_ENUM_CONVERSION = YES;
				CLANG_WARN_INFINITE_RECURSION = YES;
				CLANG_WARN_INT_CONVERSION = YES;
				CLANG_WARN_NON_LITERAL_NULL_CONVERSION = YES;
				CLANG_WARN_OBJC_IMPLICIT_RETAIN_SELF = YES;
				CLANG_WARN_OBJC_LITERAL_CONVERSION = YES;
				CLANG_WARN_OBJC_ROOT_CLASS = YES_ERROR;
				CLANG_WARN_QUOTED_INCLUDE_IN_FRAMEWORK_HEADER = YES;
				CLANG_WARN_RANGE_LOOP_ANALYSIS = YES;
				CLANG_WARN_STRICT_PROTOTYPES = YES;
				CLANG_WARN_SUSPICIOUS_MOVE = YES;
				CLANG_WARN_UNGUARDED_AVAILABILITY = YES_AGGRESSIVE;
				CLANG_WARN_UNREACHABLE_CODE = YES;
				CLANG_WARN__DUPLICATE_METHOD_MATCH = YES;
				COPY_PHASE_STRIP = NO;
				DEBUG_INFORMATION_FORMAT = dwarf;
				ENABLE_STRICT_OBJC_MSGSEND = YES;
				ENABLE_TESTABILITY = YES;
				GCC_C_LANGUAGE_STANDARD = gnu11;
				GCC_DYNAMIC_NO_PIC = NO;
				GCC_NO_COMMON_BLOCKS = YES;
				GCC_OPTIMIZATION_LEVEL = 0;
				GCC_PREPROCESSOR_DEFINITIONS = (
					"DEBUG=1",
					"$(inherited)",
				);
				GCC_WARN_64_TO_32_BIT_CONVERSION = YES;
				GCC_WARN_ABOUT_RETURN_TYPE = YES_ERROR;
				GCC_WARN_UNDECLARED_SELECTOR = YES;
				GCC_WARN_UNINITIALIZED_AUTOS = YES_AGGRESSIVE;
				GCC_WARN_UNUSED_FUNCTION = YES;
				GCC_WARN_UNUSED_VARIABLE = YES;
				IPHONEOS_DEPLOYMENT_TARGET = 14.2;
				MTL_ENABLE_DEBUG_INFO = INCLUDE_SOURCE;
				MTL_FAST_MATH = YES;
				ONLY_ACTIVE_ARCH = YES;
				PRODUCT_MODULE_NAME = devRantAvatarEditor;
				SDKROOT = iphoneos;
				SWIFT_ACTIVE_COMPILATION_CONDITIONS = DEBUG;
				SWIFT_OPTIMIZATION_LEVEL = "-Onone";
			};
			name = Debug;
		};
		5948D928250E6D4700373317 /* Release */ = {
			isa = XCBuildConfiguration;
			buildSettings = {
				ALWAYS_SEARCH_USER_PATHS = NO;
				CLANG_ANALYZER_NONNULL = YES;
				CLANG_ANALYZER_NUMBER_OBJECT_CONVERSION = YES_AGGRESSIVE;
				CLANG_CXX_LANGUAGE_STANDARD = "gnu++14";
				CLANG_CXX_LIBRARY = "libc++";
				CLANG_ENABLE_MODULES = YES;
				CLANG_ENABLE_OBJC_ARC = YES;
				CLANG_ENABLE_OBJC_WEAK = YES;
				CLANG_WARN_BLOCK_CAPTURE_AUTORELEASING = YES;
				CLANG_WARN_BOOL_CONVERSION = YES;
				CLANG_WARN_COMMA = YES;
				CLANG_WARN_CONSTANT_CONVERSION = YES;
				CLANG_WARN_DEPRECATED_OBJC_IMPLEMENTATIONS = YES;
				CLANG_WARN_DIRECT_OBJC_ISA_USAGE = YES_ERROR;
				CLANG_WARN_DOCUMENTATION_COMMENTS = YES;
				CLANG_WARN_EMPTY_BODY = YES;
				CLANG_WARN_ENUM_CONVERSION = YES;
				CLANG_WARN_INFINITE_RECURSION = YES;
				CLANG_WARN_INT_CONVERSION = YES;
				CLANG_WARN_NON_LITERAL_NULL_CONVERSION = YES;
				CLANG_WARN_OBJC_IMPLICIT_RETAIN_SELF = YES;
				CLANG_WARN_OBJC_LITERAL_CONVERSION = YES;
				CLANG_WARN_OBJC_ROOT_CLASS = YES_ERROR;
				CLANG_WARN_QUOTED_INCLUDE_IN_FRAMEWORK_HEADER = YES;
				CLANG_WARN_RANGE_LOOP_ANALYSIS = YES;
				CLANG_WARN_STRICT_PROTOTYPES = YES;
				CLANG_WARN_SUSPICIOUS_MOVE = YES;
				CLANG_WARN_UNGUARDED_AVAILABILITY = YES_AGGRESSIVE;
				CLANG_WARN_UNREACHABLE_CODE = YES;
				CLANG_WARN__DUPLICATE_METHOD_MATCH = YES;
				COPY_PHASE_STRIP = NO;
				DEBUG_INFORMATION_FORMAT = "dwarf-with-dsym";
				ENABLE_NS_ASSERTIONS = NO;
				ENABLE_STRICT_OBJC_MSGSEND = YES;
				GCC_C_LANGUAGE_STANDARD = gnu11;
				GCC_NO_COMMON_BLOCKS = YES;
				GCC_WARN_64_TO_32_BIT_CONVERSION = YES;
				GCC_WARN_ABOUT_RETURN_TYPE = YES_ERROR;
				GCC_WARN_UNDECLARED_SELECTOR = YES;
				GCC_WARN_UNINITIALIZED_AUTOS = YES_AGGRESSIVE;
				GCC_WARN_UNUSED_FUNCTION = YES;
				GCC_WARN_UNUSED_VARIABLE = YES;
				IPHONEOS_DEPLOYMENT_TARGET = 14.2;
				MTL_ENABLE_DEBUG_INFO = NO;
				MTL_FAST_MATH = YES;
				PRODUCT_MODULE_NAME = devRantAvatarEditor;
				SDKROOT = iphoneos;
				SWIFT_COMPILATION_MODE = wholemodule;
				SWIFT_OPTIMIZATION_LEVEL = "-O";
				VALIDATE_PRODUCT = YES;
			};
			name = Release;
		};
		5948D92A250E6D4700373317 /* Debug */ = {
			isa = XCBuildConfiguration;
			baseConfigurationReference = C8E522D3F238A9306FD60E6C /* Pods-devRantAvatarEditor.debug.xcconfig */;
			buildSettings = {
				ASSETCATALOG_COMPILER_APPICON_NAME = AppIcon;
				ASSETCATALOG_COMPILER_GLOBAL_ACCENT_COLOR_NAME = AccentColor;
				CODE_SIGN_ENTITLEMENTS = devRantAvatarEditor/devRantAvatarEditor.entitlements;
				CODE_SIGN_STYLE = Automatic;
				DEVELOPMENT_ASSET_PATHS = "\"devRantAvatarEditor/Preview Content\"";
				DEVELOPMENT_TEAM = 666F768P5J;
				ENABLE_PREVIEWS = YES;
				FRAMEWORK_SEARCH_PATHS = (
					"$(inherited)",
					"\"${PODS_CONFIGURATION_BUILD_DIR}/UIScrollView-InfiniteScroll\"",
					"$(SRCROOT)",
				);
				INFOPLIST_FILE = devRantAvatarEditor/Info.plist;
				IPHONEOS_DEPLOYMENT_TARGET = 14.2;
				LD_RUNPATH_SEARCH_PATHS = (
					"$(inherited)",
					"@executable_path/Frameworks",
				);
				MARKETING_VERSION = 0.1;
				OTHER_LDFLAGS = (
					"$(inherited)",
					"-framework",
					"\"UIScrollView_InfiniteScroll\"",
					"-ObjC",
					"-weak_framework",
					LookinServer,
				);
				PRODUCT_BUNDLE_IDENTIFIER = omershamai.devRant;
				PRODUCT_NAME = "$(TARGET_NAME)";
				SUPPORTS_MACCATALYST = YES;
				SWIFT_OBJC_BRIDGING_HEADER = ./devRantAvatarEditor/BridgingHeader.h;
				SWIFT_VERSION = 5.0;
				TARGETED_DEVICE_FAMILY = "1,2";
			};
			name = Debug;
		};
		5948D92B250E6D4700373317 /* Release */ = {
			isa = XCBuildConfiguration;
			baseConfigurationReference = B252914F5DFF09BAB871A017 /* Pods-devRantAvatarEditor.release.xcconfig */;
			buildSettings = {
				ASSETCATALOG_COMPILER_APPICON_NAME = AppIcon;
				ASSETCATALOG_COMPILER_GLOBAL_ACCENT_COLOR_NAME = AccentColor;
				CODE_SIGN_ENTITLEMENTS = devRantAvatarEditor/devRantAvatarEditor.entitlements;
				CODE_SIGN_STYLE = Automatic;
				DEVELOPMENT_ASSET_PATHS = "\"devRantAvatarEditor/Preview Content\"";
				DEVELOPMENT_TEAM = 666F768P5J;
				ENABLE_PREVIEWS = YES;
				INFOPLIST_FILE = devRantAvatarEditor/Info.plist;
				IPHONEOS_DEPLOYMENT_TARGET = 14.2;
				LD_RUNPATH_SEARCH_PATHS = (
					"$(inherited)",
					"@executable_path/Frameworks",
				);
				MARKETING_VERSION = 0.1;
				OTHER_LDFLAGS = (
					"$(inherited)",
					"-framework",
					"\"UIScrollView_InfiniteScroll\"",
				);
				PRODUCT_BUNDLE_IDENTIFIER = omershamai.devRant;
				PRODUCT_NAME = "$(TARGET_NAME)";
				SUPPORTS_MACCATALYST = YES;
				SWIFT_OBJC_BRIDGING_HEADER = ./devRantAvatarEditor/BridgingHeader.h;
				SWIFT_VERSION = 5.0;
				TARGETED_DEVICE_FAMILY = "1,2";
			};
			name = Release;
		};
/* End XCBuildConfiguration section */

/* Begin XCConfigurationList section */
		5948D915250E6D4200373317 /* Build configuration list for PBXProject "devRantAvatarEditor" */ = {
			isa = XCConfigurationList;
			buildConfigurations = (
				5948D927250E6D4700373317 /* Debug */,
				5948D928250E6D4700373317 /* Release */,
			);
			defaultConfigurationIsVisible = 0;
			defaultConfigurationName = Release;
		};
		5948D929250E6D4700373317 /* Build configuration list for PBXNativeTarget "devRantAvatarEditor" */ = {
			isa = XCConfigurationList;
			buildConfigurations = (
				5948D92A250E6D4700373317 /* Debug */,
				5948D92B250E6D4700373317 /* Release */,
			);
			defaultConfigurationIsVisible = 0;
			defaultConfigurationName = Release;
		};
/* End XCConfigurationList section */

/* Begin XCRemoteSwiftPackageReference section */
		590CB1872549649800972528 /* XCRemoteSwiftPackageReference "TinyConstraints" */ = {
			isa = XCRemoteSwiftPackageReference;
			repositoryURL = "https://github.com/roberthein/TinyConstraints";
			requirement = {
				kind = upToNextMajorVersion;
				minimumVersion = 4.0.1;
			};
		};
		594CA44E255A8F7D00E7D009 /* XCRemoteSwiftPackageReference "TagListView" */ = {
			isa = XCRemoteSwiftPackageReference;
			repositoryURL = "https://github.com/ElaWorkshop/TagListView";
			requirement = {
				kind = upToNextMajorVersion;
				minimumVersion = 1.4.1;
			};
		};
		59BC7B1F25595D0600A3E549 /* XCRemoteSwiftPackageReference "Carbon" */ = {
			isa = XCRemoteSwiftPackageReference;
			repositoryURL = "https://github.com/ra1028/Carbon";
			requirement = {
				branch = master;
				kind = branch;
			};
		};
		59D950CC2563D9A500D5DD4E /* XCRemoteSwiftPackageReference "MultiplexerController" */ = {
			isa = XCRemoteSwiftPackageReference;
			repositoryURL = "https://github.com/OmerFlame/MultiplexerController";
			requirement = {
				branch = master;
				kind = branch;
			};
		};
/* End XCRemoteSwiftPackageReference section */

/* Begin XCSwiftPackageProductDependency section */
		590CB1882549649800972528 /* TinyConstraints */ = {
			isa = XCSwiftPackageProductDependency;
			package = 590CB1872549649800972528 /* XCRemoteSwiftPackageReference "TinyConstraints" */;
			productName = TinyConstraints;
		};
		594CA44F255A8F7D00E7D009 /* TagListView */ = {
			isa = XCSwiftPackageProductDependency;
			package = 594CA44E255A8F7D00E7D009 /* XCRemoteSwiftPackageReference "TagListView" */;
			productName = TagListView;
		};
		59BC7B2025595D0600A3E549 /* Carbon */ = {
			isa = XCSwiftPackageProductDependency;
			package = 59BC7B1F25595D0600A3E549 /* XCRemoteSwiftPackageReference "Carbon" */;
			productName = Carbon;
		};
		59D950CD2563D9A500D5DD4E /* MultiplexerController */ = {
			isa = XCSwiftPackageProductDependency;
			package = 59D950CC2563D9A500D5DD4E /* XCRemoteSwiftPackageReference "MultiplexerController" */;
			productName = MultiplexerController;
		};
/* End XCSwiftPackageProductDependency section */
	};
	rootObject = 5948D912250E6D4200373317 /* Project object */;
}
